
Microsoft Visual Studio Solution File, Format Version 12.00
# Visual Studio 15
VisualStudioVersion = 15.0.27130.2024
MinimumVisualStudioVersion = 10.0.40219.1
Project("{FAE04EC0-301F-11D3-BF4B-00C04F79EFBC}") = "ApiEventos", "ApiEventos\ApiEventos.csproj", "{2AB96ADC-4984-41C1-A98D-E8CD010C3382}"
EndProject
Project("{FAE04EC0-301F-11D3-BF4B-00C04F79EFBC}") = "BLL", "BLL\BLL.csproj", "{E0EC54CE-567F-4BA6-8AE6-BEE2075AC442}"
EndProject
Project("{FAE04EC0-301F-11D3-BF4B-00C04F79EFBC}") = "DAL", "DAL\DAL.csproj", "{592D87A8-FCA1-4866-BED5-1FDACF472EA8}"
EndProject
Project("{FAE04EC0-301F-11D3-BF4B-00C04F79EFBC}") = "DTO", "DTO\DTO.csproj", "{812FD9F1-C17D-45F9-B1F8-EFF099025DA2}"
EndProject
Global
	GlobalSection(SolutionConfigurationPlatforms) = preSolution
		Debug|Any CPU = Debug|Any CPU
		Release|Any CPU = Release|Any CPU
	EndGlobalSection
	GlobalSection(ProjectConfigurationPlatforms) = postSolution
		{2AB96ADC-4984-41C1-A98D-E8CD010C3382}.Debug|Any CPU.ActiveCfg = Debug|Any CPU
		{2AB96ADC-4984-41C1-A98D-E8CD010C3382}.Debug|Any CPU.Build.0 = Debug|Any CPU
		{2AB96ADC-4984-41C1-A98D-E8CD010C3382}.Release|Any CPU.ActiveCfg = Release|Any CPU
		{2AB96ADC-4984-41C1-A98D-E8CD010C3382}.Release|Any CPU.Build.0 = Release|Any CPU
		{E0EC54CE-567F-4BA6-8AE6-BEE2075AC442}.Debug|Any CPU.ActiveCfg = Debug|Any CPU
		{E0EC54CE-567F-4BA6-8AE6-BEE2075AC442}.Debug|Any CPU.Build.0 = Debug|Any CPU
		{E0EC54CE-567F-4BA6-8AE6-BEE2075AC442}.Release|Any CPU.ActiveCfg = Release|Any CPU
		{E0EC54CE-567F-4BA6-8AE6-BEE2075AC442}.Release|Any CPU.Build.0 = Release|Any CPU
		{592D87A8-FCA1-4866-BED5-1FDACF472EA8}.Debug|Any CPU.ActiveCfg = Debug|Any CPU
		{592D87A8-FCA1-4866-BED5-1FDACF472EA8}.Debug|Any CPU.Build.0 = Debug|Any CPU
		{592D87A8-FCA1-4866-BED5-1FDACF472EA8}.Release|Any CPU.ActiveCfg = Release|Any CPU
		{592D87A8-FCA1-4866-BED5-1FDACF472EA8}.Release|Any CPU.Build.0 = Release|Any CPU
		{812FD9F1-C17D-45F9-B1F8-EFF099025DA2}.Debug|Any CPU.ActiveCfg = Debug|Any CPU
		{812FD9F1-C17D-45F9-B1F8-EFF099025DA2}.Debug|Any CPU.Build.0 = Debug|Any CPU
		{812FD9F1-C17D-45F9-B1F8-EFF099025DA2}.Release|Any CPU.ActiveCfg = Release|Any CPU
		{812FD9F1-C17D-45F9-B1F8-EFF099025DA2}.Release|Any CPU.Build.0 = Release|Any CPU
	EndGlobalSection
	GlobalSection(SolutionProperties) = preSolution
		HideSolutionNode = FALSE
	EndGlobalSection
	GlobalSection(ExtensibilityGlobals) = postSolution
		SolutionGuid = {70D82C52-1FC9-4E3E-ADB8-461109052D01}
	EndGlobalSection
EndGlobal
